{
    "_readme": [
        "This file locks the dependencies of your project to a known state",
        "Read more about it at https://getcomposer.org/doc/01-basic-usage.md#installing-dependencies",
        "This file is @generated automatically"
    ],
    "content-hash": "9c0d7733d70fa6e6d2146507f3564f7f",
    "packages": [
        {
            "name": "pierre/router",
            "version": "1.1.2",
            "source": {
                "type": "git",
                "url": "https://github.com/pierrenoel/router.git",
                "reference": "31226a9d6d77de0384af63db3429f2334a8d3dfa"
            },
            "dist": {
                "type": "zip",
                "url": "https://api.github.com/repos/pierrenoel/router/zipball/31226a9d6d77de0384af63db3429f2334a8d3dfa",
                "reference": "31226a9d6d77de0384af63db3429f2334a8d3dfa",
                "shasum": ""
            },
            "require": {
                "php": ">=7.0.0"
            },
            "type": "library",
            "autoload": {
                "psr-0": {
                    "Pierre\\Router\\": "src/"
                }
            },
            "notification-url": "https://packagist.org/downloads/",
            "license": [
                "MIT"
            ],
            "authors": [
                {
                    "name": "Pierre",
                    "email": "pierrenoel@hotmail.be"
                }
            ],
            "description": "A router package for your project",
            "keywords": [
                "router",
                "routing"
            ],
            "support": {
                "issues": "https://github.com/pierrenoel/router/issues",
                "source": "https://github.com/pierrenoel/router/tree/1.1.2"
            },
            "time": "2023-02-28T10:56:12+00:00"
        }
    ],
    "packages-dev": [],
    "aliases": [],
    "minimum-stability": "stable",
    "stability-flags": [],
    "prefer-stable": false,
    "prefer-lowest": false,
    "platform": [],
    "platform-dev": [],
    "plugin-api-version": "2.3.0"
}
